PODS:
  - Bolts (1.6.0):
    - Bolts/AppLinks (= 1.6.0)
    - Bolts/Tasks (= 1.6.0)
  - Bolts/AppLinks (1.6.0):
    - Bolts/Tasks
  - Bolts/Tasks (1.6.0)
  - Parse (1.12.0):
    - Bolts/Tasks (~> 1.5)
  - PureLayout (3.0.1)
  - SwiftyTimer (1.3.1)

DEPENDENCIES:
  - Bolts
  - Parse
  - PureLayout
  - SwiftyTimer

SPEC CHECKSUMS:
  Bolts: f52a250053bb517ca874523c3913776359ab3def
  Parse: de2c52a9a1421b91ae7594ab8ce191afd184f19b
  PureLayout: f35f5384c9c4e4479df041dbe33ad7577b71ddfb
  SwiftyTimer: 50ad01c66721479709b41042e422ee852c185b13

COCOAPODS: 0.39.0
