// !$*UTF8*$!
{
	archiveVersion = 1;
	classes = {
	};
	objectVersion = 46;
	objects = {

/* Begin PBXBuildFile section */
		224C9AB31C8B47150068237D /* AppDelegate.swift in Sources */ = {isa = PBXBuildFile; fileRef = 224C9AB21C8B47150068237D /* AppDelegate.swift */; };
		224C9AB81C8B47150068237D /* Main.storyboard in Resources */ = {isa = PBXBuildFile; fileRef = 224C9AB61C8B47150068237D /* Main.storyboard */; };
		224C9ABA1C8B47150068237D /* Assets.xcassets in Resources */ = {isa = PBXBuildFile; fileRef = 224C9AB91C8B47150068237D /* Assets.xcassets */; };
		224C9ABD1C8B47150068237D /* LaunchScreen.storyboard in Resources */ = {isa = PBXBuildFile; fileRef = 224C9ABB1C8B47150068237D /* LaunchScreen.storyboard */; };
		224C9AC81C8B47150068237D /* PanicureTests.swift in Sources */ = {isa = PBXBuildFile; fileRef = 224C9AC71C8B47150068237D /* PanicureTests.swift */; };
		224C9AD61C8B48A20068237D /* ViewController.swift in Sources */ = {isa = PBXBuildFile; fileRef = 224C9AD51C8B48A20068237D /* ViewController.swift */; };
		84FA6CFAF524B96F973A14B8 /* libPods.a in Frameworks */ = {isa = PBXBuildFile; fileRef = F0F1B6D3EBBBF70E0BD715AB /* libPods.a */; };
		C18824B41C8B6D7F0031CB92 /* SecretKeys.swift in Sources */ = {isa = PBXBuildFile; fileRef = C18824B31C8B6D7F0031CB92 /* SecretKeys.swift */; };
		C18824B91C8B6E810031CB92 /* Report.swift in Sources */ = {isa = PBXBuildFile; fileRef = C18824B81C8B6E810031CB92 /* Report.swift */; };
		C18824BB1C8B6F2C0031CB92 /* Profile.swift in Sources */ = {isa = PBXBuildFile; fileRef = C18824BA1C8B6F2C0031CB92 /* Profile.swift */; };
		C18824BE1C8B71890031CB92 /* EncryptionHelper.swift in Sources */ = {isa = PBXBuildFile; fileRef = C18824BD1C8B71890031CB92 /* EncryptionHelper.swift */; };
		C18824C31C8B79FA0031CB92 /* EVAXOREncrypt.m in Sources */ = {isa = PBXBuildFile; fileRef = C18824C21C8B79FA0031CB92 /* EVAXOREncrypt.m */; };
/* End PBXBuildFile section */

/* Begin PBXContainerItemProxy section */
		224C9AC41C8B47150068237D /* PBXContainerItemProxy */ = {
			isa = PBXContainerItemProxy;
			containerPortal = 224C9AA71C8B47150068237D /* Project object */;
			proxyType = 1;
			remoteGlobalIDString = 224C9AAE1C8B47150068237D;
			remoteInfo = Panicure;
		};
/* End PBXContainerItemProxy section */

/* Begin PBXFileReference section */
		224C9AAF1C8B47150068237D /* Panicure.app */ = {isa = PBXFileReference; explicitFileType = wrapper.application; includeInIndex = 0; path = Panicure.app; sourceTree = BUILT_PRODUCTS_DIR; };
		224C9AB21C8B47150068237D /* AppDelegate.swift */ = {isa = PBXFileReference; lastKnownFileType = sourcecode.swift; path = AppDelegate.swift; sourceTree = "<group>"; };
		224C9AB71C8B47150068237D /* Base */ = {isa = PBXFileReference; lastKnownFileType = file.storyboard; name = Base; path = Base.lproj/Main.storyboard; sourceTree = "<group>"; };
		224C9AB91C8B47150068237D /* Assets.xcassets */ = {isa = PBXFileReference; lastKnownFileType = folder.assetcatalog; path = Assets.xcassets; sourceTree = "<group>"; };
		224C9ABC1C8B47150068237D /* Base */ = {isa = PBXFileReference; lastKnownFileType = file.storyboard; name = Base; path = Base.lproj/LaunchScreen.storyboard; sourceTree = "<group>"; };
		224C9ABE1C8B47150068237D /* Info.plist */ = {isa = PBXFileReference; lastKnownFileType = text.plist.xml; path = Info.plist; sourceTree = "<group>"; };
		224C9AC31C8B47150068237D /* PanicureTests.xctest */ = {isa = PBXFileReference; explicitFileType = wrapper.cfbundle; includeInIndex = 0; path = PanicureTests.xctest; sourceTree = BUILT_PRODUCTS_DIR; };
		224C9AC71C8B47150068237D /* PanicureTests.swift */ = {isa = PBXFileReference; lastKnownFileType = sourcecode.swift; path = PanicureTests.swift; sourceTree = "<group>"; };
		224C9AC91C8B47150068237D /* Info.plist */ = {isa = PBXFileReference; lastKnownFileType = text.plist.xml; path = Info.plist; sourceTree = "<group>"; };
		224C9AD51C8B48A20068237D /* ViewController.swift */ = {isa = PBXFileReference; fileEncoding = 4; lastKnownFileType = sourcecode.swift; name = ViewController.swift; path = Controllers/ViewController.swift; sourceTree = "<group>"; };
		70D57F9A0F02A3A2A2C59390 /* Pods.debug.xcconfig */ = {isa = PBXFileReference; includeInIndex = 1; lastKnownFileType = text.xcconfig; name = Pods.debug.xcconfig; path = "Pods/Target Support Files/Pods/Pods.debug.xcconfig"; sourceTree = "<group>"; };
		B7663C30FCF7FD557B097DD0 /* Pods.release.xcconfig */ = {isa = PBXFileReference; includeInIndex = 1; lastKnownFileType = text.xcconfig; name = Pods.release.xcconfig; path = "Pods/Target Support Files/Pods/Pods.release.xcconfig"; sourceTree = "<group>"; };
		C18824B11C8B6D300031CB92 /* Panicure-Bridging-Header.h */ = {isa = PBXFileReference; lastKnownFileType = sourcecode.c.h; path = "Panicure-Bridging-Header.h"; sourceTree = "<group>"; };
		C18824B31C8B6D7F0031CB92 /* SecretKeys.swift */ = {isa = PBXFileReference; fileEncoding = 4; lastKnownFileType = sourcecode.swift; name = SecretKeys.swift; path = ../SecretKeys.swift; sourceTree = "<group>"; };
		C18824B81C8B6E810031CB92 /* Report.swift */ = {isa = PBXFileReference; fileEncoding = 4; lastKnownFileType = sourcecode.swift; path = Report.swift; sourceTree = "<group>"; };
		C18824BA1C8B6F2C0031CB92 /* Profile.swift */ = {isa = PBXFileReference; fileEncoding = 4; lastKnownFileType = sourcecode.swift; path = Profile.swift; sourceTree = "<group>"; };
		C18824BD1C8B71890031CB92 /* EncryptionHelper.swift */ = {isa = PBXFileReference; fileEncoding = 4; lastKnownFileType = sourcecode.swift; path = EncryptionHelper.swift; sourceTree = "<group>"; };
		C18824C21C8B79FA0031CB92 /* EVAXOREncrypt.m */ = {isa = PBXFileReference; fileEncoding = 4; lastKnownFileType = sourcecode.c.objc; path = EVAXOREncrypt.m; sourceTree = "<group>"; };
		C18824C41C8B7A1A0031CB92 /* EVAXOREncrypt.h */ = {isa = PBXFileReference; lastKnownFileType = sourcecode.c.h; path = EVAXOREncrypt.h; sourceTree = "<group>"; };
		F0F1B6D3EBBBF70E0BD715AB /* libPods.a */ = {isa = PBXFileReference; explicitFileType = archive.ar; includeInIndex = 0; path = libPods.a; sourceTree = BUILT_PRODUCTS_DIR; };
/* End PBXFileReference section */

/* Begin PBXFrameworksBuildPhase section */
		224C9AAC1C8B47150068237D /* Frameworks */ = {
			isa = PBXFrameworksBuildPhase;
			buildActionMask = 2147483647;
			files = (
				84FA6CFAF524B96F973A14B8 /* libPods.a in Frameworks */,
			);
			runOnlyForDeploymentPostprocessing = 0;
		};
		224C9AC01C8B47150068237D /* Frameworks */ = {
			isa = PBXFrameworksBuildPhase;
			buildActionMask = 2147483647;
			files = (
			);
			runOnlyForDeploymentPostprocessing = 0;
		};
/* End PBXFrameworksBuildPhase section */

/* Begin PBXGroup section */
		0850178D5FC1EA0105158438 /* Frameworks */ = {
			isa = PBXGroup;
			children = (
				F0F1B6D3EBBBF70E0BD715AB /* libPods.a */,
			);
			name = Frameworks;
			sourceTree = "<group>";
		};
		224C9AA61C8B47150068237D = {
			isa = PBXGroup;
			children = (
				224C9AB11C8B47150068237D /* Panicure */,
				224C9AC61C8B47150068237D /* PanicureTests */,
				224C9AB01C8B47150068237D /* Products */,
				E86C84B48DCA9376F157BA93 /* Pods */,
				0850178D5FC1EA0105158438 /* Frameworks */,
			);
			sourceTree = "<group>";
		};
		224C9AB01C8B47150068237D /* Products */ = {
			isa = PBXGroup;
			children = (
				224C9AAF1C8B47150068237D /* Panicure.app */,
				224C9AC31C8B47150068237D /* PanicureTests.xctest */,
			);
			name = Products;
			sourceTree = "<group>";
		};
		224C9AB11C8B47150068237D /* Panicure */ = {
			isa = PBXGroup;
			children = (
				C18824B31C8B6D7F0031CB92 /* SecretKeys.swift */,
				224C9AB21C8B47150068237D /* AppDelegate.swift */,
				224C9AD31C8B47300068237D /* Models */,
				224C9AD21C8B47290068237D /* Controllers */,
				224C9AD41C8B47530068237D /* Views */,
				224C9AD71C8B49700068237D /* Helpers */,
				224C9AB61C8B47150068237D /* Main.storyboard */,
				224C9AB91C8B47150068237D /* Assets.xcassets */,
				224C9ABB1C8B47150068237D /* LaunchScreen.storyboard */,
				224C9ABE1C8B47150068237D /* Info.plist */,
				C18824B11C8B6D300031CB92 /* Panicure-Bridging-Header.h */,
			);
			path = Panicure;
			sourceTree = "<group>";
		};
		224C9AC61C8B47150068237D /* PanicureTests */ = {
			isa = PBXGroup;
			children = (
				224C9AC71C8B47150068237D /* PanicureTests.swift */,
				224C9AC91C8B47150068237D /* Info.plist */,
			);
			path = PanicureTests;
			sourceTree = "<group>";
		};
		224C9AD21C8B47290068237D /* Controllers */ = {
			isa = PBXGroup;
			children = (
				224C9AD51C8B48A20068237D /* ViewController.swift */,
			);
			name = Controllers;
			sourceTree = "<group>";
		};
		224C9AD31C8B47300068237D /* Models */ = {
			isa = PBXGroup;
			children = (
				C18824B81C8B6E810031CB92 /* Report.swift */,
				C18824BA1C8B6F2C0031CB92 /* Profile.swift */,
			);
			name = Models;
			sourceTree = "<group>";
		};
		224C9AD41C8B47530068237D /* Views */ = {
			isa = PBXGroup;
			children = (
			);
			name = Views;
			sourceTree = "<group>";
		};
		224C9AD71C8B49700068237D /* Helpers */ = {
			isa = PBXGroup;
			children = (
				C18824BD1C8B71890031CB92 /* EncryptionHelper.swift */,
				C18824C41C8B7A1A0031CB92 /* EVAXOREncrypt.h */,
				C18824C21C8B79FA0031CB92 /* EVAXOREncrypt.m */,
			);
			name = Helpers;
			sourceTree = "<group>";
		};
		E86C84B48DCA9376F157BA93 /* Pods */ = {
			isa = PBXGroup;
			children = (
				70D57F9A0F02A3A2A2C59390 /* Pods.debug.xcconfig */,
				B7663C30FCF7FD557B097DD0 /* Pods.release.xcconfig */,
			);
			name = Pods;
			sourceTree = "<group>";
		};
/* End PBXGroup section */

/* Begin PBXNativeTarget section */
		224C9AAE1C8B47150068237D /* Panicure */ = {
			isa = PBXNativeTarget;
			buildConfigurationList = 224C9ACC1C8B47150068237D /* Build configuration list for PBXNativeTarget "Panicure" */;
			buildPhases = (
				E7D2CE6394B62BE06F05D4E3 /* Check Pods Manifest.lock */,
				224C9AAB1C8B47150068237D /* Sources */,
				224C9AAC1C8B47150068237D /* Frameworks */,
				224C9AAD1C8B47150068237D /* Resources */,
				57D9D4FB73201DCBE97CFE45 /* Embed Pods Frameworks */,
				8E93B65BFEE24B17D8C0DEAB /* Copy Pods Resources */,
			);
			buildRules = (
			);
			dependencies = (
			);
			name = Panicure;
			productName = Panicure;
			productReference = 224C9AAF1C8B47150068237D /* Panicure.app */;
			productType = "com.apple.product-type.application";
		};
		224C9AC21C8B47150068237D /* PanicureTests */ = {
			isa = PBXNativeTarget;
			buildConfigurationList = 224C9ACF1C8B47150068237D /* Build configuration list for PBXNativeTarget "PanicureTests" */;
			buildPhases = (
				224C9ABF1C8B47150068237D /* Sources */,
				224C9AC01C8B47150068237D /* Frameworks */,
				224C9AC11C8B47150068237D /* Resources */,
			);
			buildRules = (
			);
			dependencies = (
				224C9AC51C8B47150068237D /* PBXTargetDependency */,
			);
			name = PanicureTests;
			productName = PanicureTests;
			productReference = 224C9AC31C8B47150068237D /* PanicureTests.xctest */;
			productType = "com.apple.product-type.bundle.unit-test";
		};
/* End PBXNativeTarget section */

/* Begin PBXProject section */
		224C9AA71C8B47150068237D /* Project object */ = {
			isa = PBXProject;
			attributes = {
				LastSwiftUpdateCheck = 0720;
				LastUpgradeCheck = 0720;
				ORGANIZATIONNAME = Panicuru;
				TargetAttributes = {
					224C9AAE1C8B47150068237D = {
						CreatedOnToolsVersion = 7.2.1;
					};
					224C9AC21C8B47150068237D = {
						CreatedOnToolsVersion = 7.2.1;
						TestTargetID = 224C9AAE1C8B47150068237D;
					};
				};
			};
			buildConfigurationList = 224C9AAA1C8B47150068237D /* Build configuration list for PBXProject "Panicure" */;
			compatibilityVersion = "Xcode 3.2";
			developmentRegion = English;
			hasScannedForEncodings = 0;
			knownRegions = (
				en,
				Base,
			);
			mainGroup = 224C9AA61C8B47150068237D;
			productRefGroup = 224C9AB01C8B47150068237D /* Products */;
			projectDirPath = "";
			projectRoot = "";
			targets = (
				224C9AAE1C8B47150068237D /* Panicure */,
				224C9AC21C8B47150068237D /* PanicureTests */,
			);
		};
/* End PBXProject section */

/* Begin PBXResourcesBuildPhase section */
		224C9AAD1C8B47150068237D /* Resources */ = {
			isa = PBXResourcesBuildPhase;
			buildActionMask = 2147483647;
			files = (
				224C9ABD1C8B47150068237D /* LaunchScreen.storyboard in Resources */,
				224C9ABA1C8B47150068237D /* Assets.xcassets in Resources */,
				224C9AB81C8B47150068237D /* Main.storyboard in Resources */,
			);
			runOnlyForDeploymentPostprocessing = 0;
		};
		224C9AC11C8B47150068237D /* Resources */ = {
			isa = PBXResourcesBuildPhase;
			buildActionMask = 2147483647;
			files = (
			);
			runOnlyForDeploymentPostprocessing = 0;
		};
/* End PBXResourcesBuildPhase section */

/* Begin PBXShellScriptBuildPhase section */
		57D9D4FB73201DCBE97CFE45 /* Embed Pods Frameworks */ = {
			isa = PBXShellScriptBuildPhase;
			buildActionMask = 2147483647;
			files = (
			);
			inputPaths = (
			);
			name = "Embed Pods Frameworks";
			outputPaths = (
			);
			runOnlyForDeploymentPostprocessing = 0;
			shellPath = /bin/sh;
			shellScript = "\"${SRCROOT}/Pods/Target Support Files/Pods/Pods-frameworks.sh\"\n";
			showEnvVarsInLog = 0;
		};
		8E93B65BFEE24B17D8C0DEAB /* Copy Pods Resources */ = {
			isa = PBXShellScriptBuildPhase;
			buildActionMask = 2147483647;
			files = (
			);
			inputPaths = (
			);
			name = "Copy Pods Resources";
			outputPaths = (
			);
			runOnlyForDeploymentPostprocessing = 0;
			shellPath = /bin/sh;
			shellScript = "\"${SRCROOT}/Pods/Target Support Files/Pods/Pods-resources.sh\"\n";
			showEnvVarsInLog = 0;
		};
		E7D2CE6394B62BE06F05D4E3 /* Check Pods Manifest.lock */ = {
			isa = PBXShellScriptBuildPhase;
			buildActionMask = 2147483647;
			files = (
			);
			inputPaths = (
			);
			name = "Check Pods Manifest.lock";
			outputPaths = (
			);
			runOnlyForDeploymentPostprocessing = 0;
			shellPath = /bin/sh;
			shellScript = "diff \"${PODS_ROOT}/../Podfile.lock\" \"${PODS_ROOT}/Manifest.lock\" > /dev/null\nif [[ $? != 0 ]] ; then\n    cat << EOM\nerror: The sandbox is not in sync with the Podfile.lock. Run 'pod install' or update your CocoaPods installation.\nEOM\n    exit 1\nfi\n";
			showEnvVarsInLog = 0;
		};
/* End PBXShellScriptBuildPhase section */

/* Begin PBXSourcesBuildPhase section */
		224C9AAB1C8B47150068237D /* Sources */ = {
			isa = PBXSourcesBuildPhase;
			buildActionMask = 2147483647;
			files = (
				224C9AD61C8B48A20068237D /* ViewController.swift in Sources */,
				C18824BB1C8B6F2C0031CB92 /* Profile.swift in Sources */,
				C18824BE1C8B71890031CB92 /* EncryptionHelper.swift in Sources */,
				C18824C31C8B79FA0031CB92 /* EVAXOREncrypt.m in Sources */,
				224C9AB31C8B47150068237D /* AppDelegate.swift in Sources */,
				C18824B41C8B6D7F0031CB92 /* SecretKeys.swift in Sources */,
				C18824B91C8B6E810031CB92 /* Report.swift in Sources */,
			);
			runOnlyForDeploymentPostprocessing = 0;
		};
		224C9ABF1C8B47150068237D /* Sources */ = {
			isa = PBXSourcesBuildPhase;
			buildActionMask = 2147483647;
			files = (
				224C9AC81C8B47150068237D /* PanicureTests.swift in Sources */,
			);
			runOnlyForDeploymentPostprocessing = 0;
		};
/* End PBXSourcesBuildPhase section */

/* Begin PBXTargetDependency section */
		224C9AC51C8B47150068237D /* PBXTargetDependency */ = {
			isa = PBXTargetDependency;
			target = 224C9AAE1C8B47150068237D /* Panicure */;
			targetProxy = 224C9AC41C8B47150068237D /* PBXContainerItemProxy */;
		};
/* End PBXTargetDependency section */

/* Begin PBXVariantGroup section */
		224C9AB61C8B47150068237D /* Main.storyboard */ = {
			isa = PBXVariantGroup;
			children = (
				224C9AB71C8B47150068237D /* Base */,
			);
			name = Main.storyboard;
			sourceTree = "<group>";
		};
		224C9ABB1C8B47150068237D /* LaunchScreen.storyboard */ = {
			isa = PBXVariantGroup;
			children = (
				224C9ABC1C8B47150068237D /* Base */,
			);
			name = LaunchScreen.storyboard;
			sourceTree = "<group>";
		};
/* End PBXVariantGroup section */

/* Begin XCBuildConfiguration section */
		224C9ACA1C8B47150068237D /* Debug */ = {
			isa = XCBuildConfiguration;
			buildSettings = {
				ALWAYS_SEARCH_USER_PATHS = NO;
				CLANG_CXX_LANGUAGE_STANDARD = "gnu++0x";
				CLANG_CXX_LIBRARY = "libc++";
				CLANG_ENABLE_MODULES = YES;
				CLANG_ENABLE_OBJC_ARC = YES;
				CLANG_WARN_BOOL_CONVERSION = YES;
				CLANG_WARN_CONSTANT_CONVERSION = YES;
				CLANG_WARN_DIRECT_OBJC_ISA_USAGE = YES_ERROR;
				CLANG_WARN_EMPTY_BODY = YES;
				CLANG_WARN_ENUM_CONVERSION = YES;
				CLANG_WARN_INT_CONVERSION = YES;
				CLANG_WARN_OBJC_ROOT_CLASS = YES_ERROR;
				CLANG_WARN_UNREACHABLE_CODE = YES;
				CLANG_WARN__DUPLICATE_METHOD_MATCH = YES;
				"CODE_SIGN_IDENTITY[sdk=iphoneos*]" = "iPhone Developer";
				COPY_PHASE_STRIP = NO;
				DEBUG_INFORMATION_FORMAT = dwarf;
				ENABLE_STRICT_OBJC_MSGSEND = YES;
				ENABLE_TESTABILITY = YES;
				GCC_C_LANGUAGE_STANDARD = gnu99;
				GCC_DYNAMIC_NO_PIC = NO;
				GCC_NO_COMMON_BLOCKS = YES;
				GCC_OPTIMIZATION_LEVEL = 0;
				GCC_PREPROCESSOR_DEFINITIONS = (
					"DEBUG=1",
					"$(inherited)",
				);
				GCC_WARN_64_TO_32_BIT_CONVERSION = YES;
				GCC_WARN_ABOUT_RETURN_TYPE = YES_ERROR;
				GCC_WARN_UNDECLARED_SELECTOR = YES;
				GCC_WARN_UNINITIALIZED_AUTOS = YES_AGGRESSIVE;
				GCC_WARN_UNUSED_FUNCTION = YES;
				GCC_WARN_UNUSED_VARIABLE = YES;
				IPHONEOS_DEPLOYMENT_TARGET = 9.2;
				MTL_ENABLE_DEBUG_INFO = YES;
				ONLY_ACTIVE_ARCH = YES;
				SDKROOT = iphoneos;
				SWIFT_OPTIMIZATION_LEVEL = "-Onone";
				TARGETED_DEVICE_FAMILY = "1,2";
			};
			name = Debug;
		};
		224C9ACB1C8B47150068237D /* Release */ = {
			isa = XCBuildConfiguration;
			buildSettings = {
				ALWAYS_SEARCH_USER_PATHS = NO;
				CLANG_CXX_LANGUAGE_STANDARD = "gnu++0x";
				CLANG_CXX_LIBRARY = "libc++";
				CLANG_ENABLE_MODULES = YES;
				CLANG_ENABLE_OBJC_ARC = YES;
				CLANG_WARN_BOOL_CONVERSION = YES;
				CLANG_WARN_CONSTANT_CONVERSION = YES;
				CLANG_WARN_DIRECT_OBJC_ISA_USAGE = YES_ERROR;
				CLANG_WARN_EMPTY_BODY = YES;
				CLANG_WARN_ENUM_CONVERSION = YES;
				CLANG_WARN_INT_CONVERSION = YES;
				CLANG_WARN_OBJC_ROOT_CLASS = YES_ERROR;
				CLANG_WARN_UNREACHABLE_CODE = YES;
				CLANG_WARN__DUPLICATE_METHOD_MATCH = YES;
				"CODE_SIGN_IDENTITY[sdk=iphoneos*]" = "iPhone Developer";
				COPY_PHASE_STRIP = NO;
				DEBUG_INFORMATION_FORMAT = "dwarf-with-dsym";
				ENABLE_NS_ASSERTIONS = NO;
				ENABLE_STRICT_OBJC_MSGSEND = YES;
				GCC_C_LANGUAGE_STANDARD = gnu99;
				GCC_NO_COMMON_BLOCKS = YES;
				GCC_WARN_64_TO_32_BIT_CONVERSION = YES;
				GCC_WARN_ABOUT_RETURN_TYPE = YES_ERROR;
				GCC_WARN_UNDECLARED_SELECTOR = YES;
				GCC_WARN_UNINITIALIZED_AUTOS = YES_AGGRESSIVE;
				GCC_WARN_UNUSED_FUNCTION = YES;
				GCC_WARN_UNUSED_VARIABLE = YES;
				IPHONEOS_DEPLOYMENT_TARGET = 9.2;
				MTL_ENABLE_DEBUG_INFO = NO;
				SDKROOT = iphoneos;
				TARGETED_DEVICE_FAMILY = "1,2";
				VALIDATE_PRODUCT = YES;
			};
			name = Release;
		};
		224C9ACD1C8B47150068237D /* Debug */ = {
			isa = XCBuildConfiguration;
			baseConfigurationReference = 70D57F9A0F02A3A2A2C59390 /* Pods.debug.xcconfig */;
			buildSettings = {
				ASSETCATALOG_COMPILER_APPICON_NAME = AppIcon;
				CLANG_ENABLE_MODULES = YES;
				INFOPLIST_FILE = Panicure/Info.plist;
				LD_RUNPATH_SEARCH_PATHS = "$(inherited) @executable_path/Frameworks";
				PRODUCT_BUNDLE_IDENTIFIER = com.panicuru.Panicure;
				PRODUCT_NAME = "$(TARGET_NAME)";
				SWIFT_OBJC_BRIDGING_HEADER = "Panicure/Panicure-Bridging-Header.h";
				SWIFT_OPTIMIZATION_LEVEL = "-Onone";
			};
			name = Debug;
		};
		224C9ACE1C8B47150068237D /* Release */ = {
			isa = XCBuildConfiguration;
			baseConfigurationReference = B7663C30FCF7FD557B097DD0 /* Pods.release.xcconfig */;
			buildSettings = {
				ASSETCATALOG_COMPILER_APPICON_NAME = AppIcon;
				CLANG_ENABLE_MODULES = YES;
				INFOPLIST_FILE = Panicure/Info.plist;
				LD_RUNPATH_SEARCH_PATHS = "$(inherited) @executable_path/Frameworks";
				PRODUCT_BUNDLE_IDENTIFIER = com.panicuru.Panicure;
				PRODUCT_NAME = "$(TARGET_NAME)";
				SWIFT_OBJC_BRIDGING_HEADER = "Panicure/Panicure-Bridging-Header.h";
			};
			name = Release;
		};
		224C9AD01C8B47150068237D /* Debug */ = {
			isa = XCBuildConfiguration;
			buildSettings = {
				BUNDLE_LOADER = "$(TEST_HOST)";
				INFOPLIST_FILE = PanicureTests/Info.plist;
				LD_RUNPATH_SEARCH_PATHS = "$(inherited) @executable_path/Frameworks @loader_path/Frameworks";
				PRODUCT_BUNDLE_IDENTIFIER = com.panicuru.PanicureTests;
				PRODUCT_NAME = "$(TARGET_NAME)";
				TEST_HOST = "$(BUILT_PRODUCTS_DIR)/Panicure.app/Panicure";
			};
			name = Debug;
		};
		224C9AD11C8B47150068237D /* Release */ = {
			isa = XCBuildConfiguration;
			buildSettings = {
				BUNDLE_LOADER = "$(TEST_HOST)";
				INFOPLIST_FILE = PanicureTests/Info.plist;
				LD_RUNPATH_SEARCH_PATHS = "$(inherited) @executable_path/Frameworks @loader_path/Frameworks";
				PRODUCT_BUNDLE_IDENTIFIER = com.panicuru.PanicureTests;
				PRODUCT_NAME = "$(TARGET_NAME)";
				TEST_HOST = "$(BUILT_PRODUCTS_DIR)/Panicure.app/Panicure";
			};
			name = Release;
		};
/* End XCBuildConfiguration section */

/* Begin XCConfigurationList section */
		224C9AAA1C8B47150068237D /* Build configuration list for PBXProject "Panicure" */ = {
			isa = XCConfigurationList;
			buildConfigurations = (
				224C9ACA1C8B47150068237D /* Debug */,
				224C9ACB1C8B47150068237D /* Release */,
			);
			defaultConfigurationIsVisible = 0;
			defaultConfigurationName = Release;
		};
		224C9ACC1C8B47150068237D /* Build configuration list for PBXNativeTarget "Panicure" */ = {
			isa = XCConfigurationList;
			buildConfigurations = (
				224C9ACD1C8B47150068237D /* Debug */,
				224C9ACE1C8B47150068237D /* Release */,
			);
			defaultConfigurationIsVisible = 0;
			defaultConfigurationName = Release;
		};
		224C9ACF1C8B47150068237D /* Build configuration list for PBXNativeTarget "PanicureTests" */ = {
			isa = XCConfigurationList;
			buildConfigurations = (
				224C9AD01C8B47150068237D /* Debug */,
				224C9AD11C8B47150068237D /* Release */,
			);
			defaultConfigurationIsVisible = 0;
			defaultConfigurationName = Release;
		};
/* End XCConfigurationList section */
	};
	rootObject = 224C9AA71C8B47150068237D /* Project object */;
}
