// !$*UTF8*$!
{
	archiveVersion = 1;
	classes = {
	};
	objectVersion = 46;
	objects = {

/* Begin PBXBuildFile section */
		224C9AB31C8B47150068237D /* AppDelegate.swift in Sources */ = {isa = PBXBuildFile; fileRef = 224C9AB21C8B47150068237D /* AppDelegate.swift */; };
		224C9AB81C8B47150068237D /* Main.storyboard in Resources */ = {isa = PBXBuildFile; fileRef = 224C9AB61C8B47150068237D /* Main.storyboard */; };
		224C9ABA1C8B47150068237D /* Assets.xcassets in Resources */ = {isa = PBXBuildFile; fileRef = 224C9AB91C8B47150068237D /* Assets.xcassets */; };
		224C9ABD1C8B47150068237D /* LaunchScreen.storyboard in Resources */ = {isa = PBXBuildFile; fileRef = 224C9ABB1C8B47150068237D /* LaunchScreen.storyboard */; };
		224C9AC81C8B47150068237D /* PanicureTests.swift in Sources */ = {isa = PBXBuildFile; fileRef = 224C9AC71C8B47150068237D /* PanicureTests.swift */; };
		224C9AD61C8B48A20068237D /* ViewController.swift in Sources */ = {isa = PBXBuildFile; fileRef = 224C9AD51C8B48A20068237D /* ViewController.swift */; };
/* End PBXBuildFile section */

/* Begin PBXContainerItemProxy section */
		224C9AC41C8B47150068237D /* PBXContainerItemProxy */ = {
			isa = PBXContainerItemProxy;
			containerPortal = 224C9AA71C8B47150068237D /* Project object */;
			proxyType = 1;
			remoteGlobalIDString = 224C9AAE1C8B47150068237D;
			remoteInfo = Panicure;
		};
/* End PBXContainerItemProxy section */

/* Begin PBXFileReference section */
		224C9AAF1C8B47150068237D /* Panicure.app */ = {isa = PBXFileReference; explicitFileType = wrapper.application; includeInIndex = 0; path = Panicure.app; sourceTree = BUILT_PRODUCTS_DIR; };
		224C9AB21C8B47150068237D /* AppDelegate.swift */ = {isa = PBXFileReference; lastKnownFileType = sourcecode.swift; path = AppDelegate.swift; sourceTree = "<group>"; };
		224C9AB71C8B47150068237D /* Base */ = {isa = PBXFileReference; lastKnownFileType = file.storyboard; name = Base; path = Base.lproj/Main.storyboard; sourceTree = "<group>"; };
		224C9AB91C8B47150068237D /* Assets.xcassets */ = {isa = PBXFileReference; lastKnownFileType = folder.assetcatalog; path = Assets.xcassets; sourceTree = "<group>"; };
		224C9ABC1C8B47150068237D /* Base */ = {isa = PBXFileReference; lastKnownFileType = file.storyboard; name = Base; path = Base.lproj/LaunchScreen.storyboard; sourceTree = "<group>"; };
		224C9ABE1C8B47150068237D /* Info.plist */ = {isa = PBXFileReference; lastKnownFileType = text.plist.xml; path = Info.plist; sourceTree = "<group>"; };
		224C9AC31C8B47150068237D /* PanicureTests.xctest */ = {isa = PBXFileReference; explicitFileType = wrapper.cfbundle; includeInIndex = 0; path = PanicureTests.xctest; sourceTree = BUILT_PRODUCTS_DIR; };
		224C9AC71C8B47150068237D /* PanicureTests.swift */ = {isa = PBXFileReference; lastKnownFileType = sourcecode.swift; path = PanicureTests.swift; sourceTree = "<group>"; };
		224C9AC91C8B47150068237D /* Info.plist */ = {isa = PBXFileReference; lastKnownFileType = text.plist.xml; path = Info.plist; sourceTree = "<group>"; };
		224C9AD51C8B48A20068237D /* ViewController.swift */ = {isa = PBXFileReference; fileEncoding = 4; lastKnownFileType = sourcecode.swift; name = ViewController.swift; path = Controllers/ViewController.swift; sourceTree = "<group>"; };
/* End PBXFileReference section */

/* Begin PBXFrameworksBuildPhase section */
		224C9AAC1C8B47150068237D /* Frameworks */ = {
			isa = PBXFrameworksBuildPhase;
			buildActionMask = 2147483647;
			files = (
			);
			runOnlyForDeploymentPostprocessing = 0;
		};
		224C9AC01C8B47150068237D /* Frameworks */ = {
			isa = PBXFrameworksBuildPhase;
			buildActionMask = 2147483647;
			files = (
			);
			runOnlyForDeploymentPostprocessing = 0;
		};
/* End PBXFrameworksBuildPhase section */

/* Begin PBXGroup section */
		224C9AA61C8B47150068237D = {
			isa = PBXGroup;
			children = (
				224C9AB11C8B47150068237D /* Panicure */,
				224C9AC61C8B47150068237D /* PanicureTests */,
				224C9AB01C8B47150068237D /* Products */,
			);
			sourceTree = "<group>";
		};
		224C9AB01C8B47150068237D /* Products */ = {
			isa = PBXGroup;
			children = (
				224C9AAF1C8B47150068237D /* Panicure.app */,
				224C9AC31C8B47150068237D /* PanicureTests.xctest */,
			);
			name = Products;
			sourceTree = "<group>";
		};
		224C9AB11C8B47150068237D /* Panicure */ = {
			isa = PBXGroup;
			children = (
				224C9AB21C8B47150068237D /* AppDelegate.swift */,
				224C9AD31C8B47300068237D /* Models */,
				224C9AD21C8B47290068237D /* Controllers */,
				224C9AD41C8B47530068237D /* Views */,
				224C9AD71C8B49700068237D /* Helpers */,
				224C9AB61C8B47150068237D /* Main.storyboard */,
				224C9AB91C8B47150068237D /* Assets.xcassets */,
				224C9ABB1C8B47150068237D /* LaunchScreen.storyboard */,
				224C9ABE1C8B47150068237D /* Info.plist */,
			);
			path = Panicure;
			sourceTree = "<group>";
		};
		224C9AC61C8B47150068237D /* PanicureTests */ = {
			isa = PBXGroup;
			children = (
				224C9AC71C8B47150068237D /* PanicureTests.swift */,
				224C9AC91C8B47150068237D /* Info.plist */,
			);
			path = PanicureTests;
			sourceTree = "<group>";
		};
		224C9AD21C8B47290068237D /* Controllers */ = {
			isa = PBXGroup;
			children = (
				224C9AD51C8B48A20068237D /* ViewController.swift */,
			);
			name = Controllers;
			sourceTree = "<group>";
		};
		224C9AD31C8B47300068237D /* Models */ = {
			isa = PBXGroup;
			children = (
			);
			name = Models;
			sourceTree = "<group>";
		};
		224C9AD41C8B47530068237D /* Views */ = {
			isa = PBXGroup;
			children = (
			);
			name = Views;
			sourceTree = "<group>";
		};
		224C9AD71C8B49700068237D /* Helpers */ = {
			isa = PBXGroup;
			children = (
			);
			name = Helpers;
			sourceTree = "<group>";
		};
/* End PBXGroup section */

/* Begin PBXNativeTarget section */
		224C9AAE1C8B47150068237D /* Panicure */ = {
			isa = PBXNativeTarget;
			buildConfigurationList = 224C9ACC1C8B47150068237D /* Build configuration list for PBXNativeTarget "Panicure" */;
			buildPhases = (
				224C9AAB1C8B47150068237D /* Sources */,
				224C9AAC1C8B47150068237D /* Frameworks */,
				224C9AAD1C8B47150068237D /* Resources */,
			);
			buildRules = (
			);
			dependencies = (
			);
			name = Panicure;
			productName = Panicure;
			productReference = 224C9AAF1C8B47150068237D /* Panicure.app */;
			productType = "com.apple.product-type.application";
		};
		224C9AC21C8B47150068237D /* PanicureTests */ = {
			isa = PBXNativeTarget;
			buildConfigurationList = 224C9ACF1C8B47150068237D /* Build configuration list for PBXNativeTarget "PanicureTests" */;
			buildPhases = (
				224C9ABF1C8B47150068237D /* Sources */,
				224C9AC01C8B47150068237D /* Frameworks */,
				224C9AC11C8B47150068237D /* Resources */,
			);
			buildRules = (
			);
			dependencies = (
				224C9AC51C8B47150068237D /* PBXTargetDependency */,
			);
			name = PanicureTests;
			productName = PanicureTests;
			productReference = 224C9AC31C8B47150068237D /* PanicureTests.xctest */;
			productType = "com.apple.product-type.bundle.unit-test";
		};
/* End PBXNativeTarget section */

/* Begin PBXProject section */
		224C9AA71C8B47150068237D /* Project object */ = {
			isa = PBXProject;
			attributes = {
				LastSwiftUpdateCheck = 0720;
				LastUpgradeCheck = 0720;
				ORGANIZATIONNAME = Panicuru;
				TargetAttributes = {
					224C9AAE1C8B47150068237D = {
						CreatedOnToolsVersion = 7.2.1;
					};
					224C9AC21C8B47150068237D = {
						CreatedOnToolsVersion = 7.2.1;
						TestTargetID = 224C9AAE1C8B47150068237D;
					};
				};
			};
			buildConfigurationList = 224C9AAA1C8B47150068237D /* Build configuration list for PBXProject "Panicure" */;
			compatibilityVersion = "Xcode 3.2";
			developmentRegion = English;
			hasScannedForEncodings = 0;
			knownRegions = (
				en,
				Base,
			);
			mainGroup = 224C9AA61C8B47150068237D;
			productRefGroup = 224C9AB01C8B47150068237D /* Products */;
			projectDirPath = "";
			projectRoot = "";
			targets = (
				224C9AAE1C8B47150068237D /* Panicure */,
				224C9AC21C8B47150068237D /* PanicureTests */,
			);
		};
/* End PBXProject section */

/* Begin PBXResourcesBuildPhase section */
		224C9AAD1C8B47150068237D /* Resources */ = {
			isa = PBXResourcesBuildPhase;
			buildActionMask = 2147483647;
			files = (
				224C9ABD1C8B47150068237D /* LaunchScreen.storyboard in Resources */,
				224C9ABA1C8B47150068237D /* Assets.xcassets in Resources */,
				224C9AB81C8B47150068237D /* Main.storyboard in Resources */,
			);
			runOnlyForDeploymentPostprocessing = 0;
		};
		224C9AC11C8B47150068237D /* Resources */ = {
			isa = PBXResourcesBuildPhase;
			buildActionMask = 2147483647;
			files = (
			);
			runOnlyForDeploymentPostprocessing = 0;
		};
/* End PBXResourcesBuildPhase section */

/* Begin PBXSourcesBuildPhase section */
		224C9AAB1C8B47150068237D /* Sources */ = {
			isa = PBXSourcesBuildPhase;
			buildActionMask = 2147483647;
			files = (
				224C9AD61C8B48A20068237D /* ViewController.swift in Sources */,
				224C9AB31C8B47150068237D /* AppDelegate.swift in Sources */,
			);
			runOnlyForDeploymentPostprocessing = 0;
		};
		224C9ABF1C8B47150068237D /* Sources */ = {
			isa = PBXSourcesBuildPhase;
			buildActionMask = 2147483647;
			files = (
				224C9AC81C8B47150068237D /* PanicureTests.swift in Sources */,
			);
			runOnlyForDeploymentPostprocessing = 0;
		};
/* End PBXSourcesBuildPhase section */

/* Begin PBXTargetDependency section */
		224C9AC51C8B47150068237D /* PBXTargetDependency */ = {
			isa = PBXTargetDependency;
			target = 224C9AAE1C8B47150068237D /* Panicure */;
			targetProxy = 224C9AC41C8B47150068237D /* PBXContainerItemProxy */;
		};
/* End PBXTargetDependency section */

/* Begin PBXVariantGroup section */
		224C9AB61C8B47150068237D /* Main.storyboard */ = {
			isa = PBXVariantGroup;
			children = (
				224C9AB71C8B47150068237D /* Base */,
			);
			name = Main.storyboard;
			sourceTree = "<group>";
		};
		224C9ABB1C8B47150068237D /* LaunchScreen.storyboard */ = {
			isa = PBXVariantGroup;
			children = (
				224C9ABC1C8B47150068237D /* Base */,
			);
			name = LaunchScreen.storyboard;
			sourceTree = "<group>";
		};
/* End PBXVariantGroup section */

/* Begin XCBuildConfiguration section */
		224C9ACA1C8B47150068237D /* Debug */ = {
			isa = XCBuildConfiguration;
			buildSettings = {
				ALWAYS_SEARCH_USER_PATHS = NO;
				CLANG_CXX_LANGUAGE_STANDARD = "gnu++0x";
				CLANG_CXX_LIBRARY = "libc++";
				CLANG_ENABLE_MODULES = YES;
				CLANG_ENABLE_OBJC_ARC = YES;
				CLANG_WARN_BOOL_CONVERSION = YES;
				CLANG_WARN_CONSTANT_CONVERSION = YES;
				CLANG_WARN_DIRECT_OBJC_ISA_USAGE = YES_ERROR;
				CLANG_WARN_EMPTY_BODY = YES;
				CLANG_WARN_ENUM_CONVERSION = YES;
				CLANG_WARN_INT_CONVERSION = YES;
				CLANG_WARN_OBJC_ROOT_CLASS = YES_ERROR;
				CLANG_WARN_UNREACHABLE_CODE = YES;
				CLANG_WARN__DUPLICATE_METHOD_MATCH = YES;
				"CODE_SIGN_IDENTITY[sdk=iphoneos*]" = "iPhone Developer";
				COPY_PHASE_STRIP = NO;
				DEBUG_INFORMATION_FORMAT = dwarf;
				ENABLE_STRICT_OBJC_MSGSEND = YES;
				ENABLE_TESTABILITY = YES;
				GCC_C_LANGUAGE_STANDARD = gnu99;
				GCC_DYNAMIC_NO_PIC = NO;
				GCC_NO_COMMON_BLOCKS = YES;
				GCC_OPTIMIZATION_LEVEL = 0;
				GCC_PREPROCESSOR_DEFINITIONS = (
					"DEBUG=1",
					"$(inherited)",
				);
				GCC_WARN_64_TO_32_BIT_CONVERSION = YES;
				GCC_WARN_ABOUT_RETURN_TYPE = YES_ERROR;
				GCC_WARN_UNDECLARED_SELECTOR = YES;
				GCC_WARN_UNINITIALIZED_AUTOS = YES_AGGRESSIVE;
				GCC_WARN_UNUSED_FUNCTION = YES;
				GCC_WARN_UNUSED_VARIABLE = YES;
				IPHONEOS_DEPLOYMENT_TARGET = 9.2;
				MTL_ENABLE_DEBUG_INFO = YES;
				ONLY_ACTIVE_ARCH = YES;
				SDKROOT = iphoneos;
				SWIFT_OPTIMIZATION_LEVEL = "-Onone";
				TARGETED_DEVICE_FAMILY = "1,2";
			};
			name = Debug;
		};
		224C9ACB1C8B47150068237D /* Release */ = {
			isa = XCBuildConfiguration;
			buildSettings = {
				ALWAYS_SEARCH_USER_PATHS = NO;
				CLANG_CXX_LANGUAGE_STANDARD = "gnu++0x";
				CLANG_CXX_LIBRARY = "libc++";
				CLANG_ENABLE_MODULES = YES;
				CLANG_ENABLE_OBJC_ARC = YES;
				CLANG_WARN_BOOL_CONVERSION = YES;
				CLANG_WARN_CONSTANT_CONVERSION = YES;
				CLANG_WARN_DIRECT_OBJC_ISA_USAGE = YES_ERROR;
				CLANG_WARN_EMPTY_BODY = YES;
				CLANG_WARN_ENUM_CONVERSION = YES;
				CLANG_WARN_INT_CONVERSION = YES;
				CLANG_WARN_OBJC_ROOT_CLASS = YES_ERROR;
				CLANG_WARN_UNREACHABLE_CODE = YES;
				CLANG_WARN__DUPLICATE_METHOD_MATCH = YES;
				"CODE_SIGN_IDENTITY[sdk=iphoneos*]" = "iPhone Developer";
				COPY_PHASE_STRIP = NO;
				DEBUG_INFORMATION_FORMAT = "dwarf-with-dsym";
				ENABLE_NS_ASSERTIONS = NO;
				ENABLE_STRICT_OBJC_MSGSEND = YES;
				GCC_C_LANGUAGE_STANDARD = gnu99;
				GCC_NO_COMMON_BLOCKS = YES;
				GCC_WARN_64_TO_32_BIT_CONVERSION = YES;
				GCC_WARN_ABOUT_RETURN_TYPE = YES_ERROR;
				GCC_WARN_UNDECLARED_SELECTOR = YES;
				GCC_WARN_UNINITIALIZED_AUTOS = YES_AGGRESSIVE;
				GCC_WARN_UNUSED_FUNCTION = YES;
				GCC_WARN_UNUSED_VARIABLE = YES;
				IPHONEOS_DEPLOYMENT_TARGET = 9.2;
				MTL_ENABLE_DEBUG_INFO = NO;
				SDKROOT = iphoneos;
				TARGETED_DEVICE_FAMILY = "1,2";
				VALIDATE_PRODUCT = YES;
			};
			name = Release;
		};
		224C9ACD1C8B47150068237D /* Debug */ = {
			isa = XCBuildConfiguration;
			buildSettings = {
				ASSETCATALOG_COMPILER_APPICON_NAME = AppIcon;
				INFOPLIST_FILE = Panicure/Info.plist;
				LD_RUNPATH_SEARCH_PATHS = "$(inherited) @executable_path/Frameworks";
				PRODUCT_BUNDLE_IDENTIFIER = com.panicuru.Panicure;
				PRODUCT_NAME = "$(TARGET_NAME)";
			};
			name = Debug;
		};
		224C9ACE1C8B47150068237D /* Release */ = {
			isa = XCBuildConfiguration;
			buildSettings = {
				ASSETCATALOG_COMPILER_APPICON_NAME = AppIcon;
				INFOPLIST_FILE = Panicure/Info.plist;
				LD_RUNPATH_SEARCH_PATHS = "$(inherited) @executable_path/Frameworks";
				PRODUCT_BUNDLE_IDENTIFIER = com.panicuru.Panicure;
				PRODUCT_NAME = "$(TARGET_NAME)";
			};
			name = Release;
		};
		224C9AD01C8B47150068237D /* Debug */ = {
			isa = XCBuildConfiguration;
			buildSettings = {
				BUNDLE_LOADER = "$(TEST_HOST)";
				INFOPLIST_FILE = PanicureTests/Info.plist;
				LD_RUNPATH_SEARCH_PATHS = "$(inherited) @executable_path/Frameworks @loader_path/Frameworks";
				PRODUCT_BUNDLE_IDENTIFIER = com.panicuru.PanicureTests;
				PRODUCT_NAME = "$(TARGET_NAME)";
				TEST_HOST = "$(BUILT_PRODUCTS_DIR)/Panicure.app/Panicure";
			};
			name = Debug;
		};
		224C9AD11C8B47150068237D /* Release */ = {
			isa = XCBuildConfiguration;
			buildSettings = {
				BUNDLE_LOADER = "$(TEST_HOST)";
				INFOPLIST_FILE = PanicureTests/Info.plist;
				LD_RUNPATH_SEARCH_PATHS = "$(inherited) @executable_path/Frameworks @loader_path/Frameworks";
				PRODUCT_BUNDLE_IDENTIFIER = com.panicuru.PanicureTests;
				PRODUCT_NAME = "$(TARGET_NAME)";
				TEST_HOST = "$(BUILT_PRODUCTS_DIR)/Panicure.app/Panicure";
			};
			name = Release;
		};
/* End XCBuildConfiguration section */

/* Begin XCConfigurationList section */
		224C9AAA1C8B47150068237D /* Build configuration list for PBXProject "Panicure" */ = {
			isa = XCConfigurationList;
			buildConfigurations = (
				224C9ACA1C8B47150068237D /* Debug */,
				224C9ACB1C8B47150068237D /* Release */,
			);
			defaultConfigurationIsVisible = 0;
			defaultConfigurationName = Release;
		};
		224C9ACC1C8B47150068237D /* Build configuration list for PBXNativeTarget "Panicure" */ = {
			isa = XCConfigurationList;
			buildConfigurations = (
				224C9ACD1C8B47150068237D /* Debug */,
				224C9ACE1C8B47150068237D /* Release */,
			);
			defaultConfigurationIsVisible = 0;
		};
		224C9ACF1C8B47150068237D /* Build configuration list for PBXNativeTarget "PanicureTests" */ = {
			isa = XCConfigurationList;
			buildConfigurations = (
				224C9AD01C8B47150068237D /* Debug */,
				224C9AD11C8B47150068237D /* Release */,
			);
			defaultConfigurationIsVisible = 0;
		};
/* End XCConfigurationList section */
	};
	rootObject = 224C9AA71C8B47150068237D /* Project object */;
}
